# This is a Gradle generated file for dependency locking.
# Manual edits can break the build and are not advised.
# This file is expected to be part of source control.
# To regenerate this file, run: ./gradlew :dependencies --write-locks
javax.activation:javax.activation-api:1.2.0=runtimeClasspath,testRuntimeClasspath
javax.xml.bind:jaxb-api:2.3.1=runtimeClasspath,testRuntimeClasspath
org.projectlombok:lombok:1.18.46=compileClasspath,testCompileClasspath
empty=
